
Microsoft Visual Studio Solution File, Format Version 15.00
# Visual Studio 2017
Project("{FAE04EC0-301F-11D3-BF4B-00C04F79EFBC}") = "xereta.Web", "xereta.Web.csproj", "{C41FB066-C98E-4EDF-B88E-771710BCB48D}"
EndProject
Global
	GlobalSection(SolutionConfigurationPlatforms) = preSolution
		Debug|Any CPU = Debug|Any CPU
		Release|Any CPU = Release|Any CPU
	EndGlobalSection
	GlobalSection(ProjectConfigurationPlatforms) = postSolution
		{C41FB066-C98E-4EDF-B88E-771710BCB48D}.Debug|Any CPU.ActiveCfg = Debug|Any CPU
		{C41FB066-C98E-4EDF-B88E-771710BCB48D}.Debug|Any CPU.Build.0 = Debug|Any CPU
		{C41FB066-C98E-4EDF-B88E-771710BCB48D}.Release|Any CPU.ActiveCfg = Release|Any CPU
		{C41FB066-C98E-4EDF-B88E-771710BCB48D}.Release|Any CPU.Build.0 = Release|Any CPU
	EndGlobalSection
EndGlobal
